
Microsoft Visual Studio Solution File, Format Version 12.00
# Visual Studio Version 17
VisualStudioVersion = 17.0.32014.148
MinimumVisualStudioVersion = 10.0.40219.1
Project("{9A19103F-16F7-4668-BE54-9A1E7A4F7556}") = "MansionRentBackend.API", "MansionRentBackend.API\MansionRentBackend.API.csproj", "{01891488-BCE4-4AD2-BA9A-C6AA51ECC6A4}"
EndProject
Project("{9A19103F-16F7-4668-BE54-9A1E7A4F7556}") = "MansionRentBackend.Application", "MansionRentBackend.Application\MansionRentBackend.Application.csproj", "{CD69B793-35C3-4747-AF7A-414D8A2B9D89}"
EndProject
Project("{9A19103F-16F7-4668-BE54-9A1E7A4F7556}") = "MansionRentBackend.Domain", "MansionRentBackend.Domain\MansionRentBackend.Domain.csproj", "{ECB9DD8C-821E-4833-88C1-BA015FB2FEE9}"
EndProject
Project("{9A19103F-16F7-4668-BE54-9A1E7A4F7556}") = "MansionRentBackend.Application.UnitTests", "Tests\MansionRentBackend.Application.UnitTests\MansionRentBackend.Application.UnitTests.csproj", "{9BEEB075-1E95-479A-8FAB-19726AC875BA}"
EndProject
Project("{2150E333-8FDC-42A3-9474-1A3956D46DE8}") = "Tests", "Tests", "{80DCE070-239E-49A8-9815-8D16621E7E00}"
EndProject
Global
	GlobalSection(SolutionConfigurationPlatforms) = preSolution
		Debug|Any CPU = Debug|Any CPU
		Release|Any CPU = Release|Any CPU
	EndGlobalSection
	GlobalSection(ProjectConfigurationPlatforms) = postSolution
		{01891488-BCE4-4AD2-BA9A-C6AA51ECC6A4}.Debug|Any CPU.ActiveCfg = Debug|Any CPU
		{01891488-BCE4-4AD2-BA9A-C6AA51ECC6A4}.Debug|Any CPU.Build.0 = Debug|Any CPU
		{01891488-BCE4-4AD2-BA9A-C6AA51ECC6A4}.Release|Any CPU.ActiveCfg = Release|Any CPU
		{01891488-BCE4-4AD2-BA9A-C6AA51ECC6A4}.Release|Any CPU.Build.0 = Release|Any CPU
		{CD69B793-35C3-4747-AF7A-414D8A2B9D89}.Debug|Any CPU.ActiveCfg = Debug|Any CPU
		{CD69B793-35C3-4747-AF7A-414D8A2B9D89}.Debug|Any CPU.Build.0 = Debug|Any CPU
		{CD69B793-35C3-4747-AF7A-414D8A2B9D89}.Release|Any CPU.ActiveCfg = Release|Any CPU
		{CD69B793-35C3-4747-AF7A-414D8A2B9D89}.Release|Any CPU.Build.0 = Release|Any CPU
		{ECB9DD8C-821E-4833-88C1-BA015FB2FEE9}.Debug|Any CPU.ActiveCfg = Debug|Any CPU
		{ECB9DD8C-821E-4833-88C1-BA015FB2FEE9}.Debug|Any CPU.Build.0 = Debug|Any CPU
		{ECB9DD8C-821E-4833-88C1-BA015FB2FEE9}.Release|Any CPU.ActiveCfg = Release|Any CPU
		{ECB9DD8C-821E-4833-88C1-BA015FB2FEE9}.Release|Any CPU.Build.0 = Release|Any CPU
		{9BEEB075-1E95-479A-8FAB-19726AC875BA}.Debug|Any CPU.ActiveCfg = Debug|Any CPU
		{9BEEB075-1E95-479A-8FAB-19726AC875BA}.Debug|Any CPU.Build.0 = Debug|Any CPU
		{9BEEB075-1E95-479A-8FAB-19726AC875BA}.Release|Any CPU.ActiveCfg = Release|Any CPU
		{9BEEB075-1E95-479A-8FAB-19726AC875BA}.Release|Any CPU.Build.0 = Release|Any CPU
	EndGlobalSection
	GlobalSection(SolutionProperties) = preSolution
		HideSolutionNode = FALSE
	EndGlobalSection
	GlobalSection(NestedProjects) = preSolution
		{9BEEB075-1E95-479A-8FAB-19726AC875BA} = {80DCE070-239E-49A8-9815-8D16621E7E00}
	EndGlobalSection
	GlobalSection(ExtensibilityGlobals) = postSolution
		SolutionGuid = {9EDF8D54-5476-4F3C-B0B2-0FB2042DE911}
	EndGlobalSection
EndGlobal
